// !$*UTF8*$!
{
	archiveVersion = 1;
	classes = {};
	objectVersion = 56;
	objects = {

/* Begin PBXBuildFile section */
	C1D2E3F4A5B6478899CCDDEE /* RemotePositionImageView.swift in Sources */ = {isa = PBXBuildFile; fileRef = A1B2C3D4E5F6478899AABBCC /* RemotePositionImageView.swift */; };
	7BFCAD5DA08A48D19F14E9D2 /* sistema_transicoes.mp4 in Resources */ = {isa = PBXBuildFile; fileRef = BF36BB46E76442E49B60C3EF /* sistema_transicoes.mp4 */; };
	0E71C26B506841B8BEAD139D /* mata_leao.mp4 in Resources */ = {isa = PBXBuildFile; fileRef = F437AB7C7441400B88D61591 /* mata_leao.mp4 */; };
	35E42302ACAF4C97BD437CA5 /* toreando.mp4 in Resources */ = {isa = PBXBuildFile; fileRef = D6C8A9FFE72944468FF530D6 /* toreando.mp4 */; };
	CAC587C9745145878D7DE10E /* omoplata.mp4 in Resources */ = {isa = PBXBuildFile; fileRef = 744DF2BB6E164CC588D9BDDB /* omoplata.mp4 */; };
	19963BF089C341FBBCA5FDB4 /* meia_guarda.mp4 in Resources */ = {isa = PBXBuildFile; fileRef = 3697FDEB816441F3A72C0EB7 /* meia_guarda.mp4 */; };
	3A6AB22B49B5438488F9B034 /* arm_lock.mp4 in Resources */ = {isa = PBXBuildFile; fileRef = F7C18226F4324048942C33ED /* arm_lock.mp4 */; };
	345DC88919D9413AAA2B8313 /* triangulo.mp4 in Resources */ = {isa = PBXBuildFile; fileRef = 03DE2732055A4A98A1A5397C /* triangulo.mp4 */; };
	40742B0200F146E0946DD05B /* raspagem.mp4 in Resources */ = {isa = PBXBuildFile; fileRef = 92591290DF6B41B989D7F2D0 /* raspagem.mp4 */; };
	4A167BA9871E4E6282F33775 /* costas.mp4 in Resources */ = {isa = PBXBuildFile; fileRef = 18967A1F5AB44B7583240990 /* costas.mp4 */; };
	BCE981669CC84C488AA5B451 /* montada.mp4 in Resources */ = {isa = PBXBuildFile; fileRef = 601BBC119F8F4B8191542FD8 /* montada.mp4 */; };
	5016BD2E23FE445B8D29E84A /* passagem_guarda.mp4 in Resources */ = {isa = PBXBuildFile; fileRef = 6342E9089BEA477A8EE1B4EC /* passagem_guarda.mp4 */; };
	5101FFD228B649C7AC8DA10D /* queda_basica.mp4 in Resources */ = {isa = PBXBuildFile; fileRef = B39935F8140446C58DC7A483 /* queda_basica.mp4 */; };
	FD5E77F3C05944A8B73ABAFB /* BundleImageView.swift in Sources */ = {isa = PBXBuildFile; fileRef = 21D473B5CFDC4C91AF002192 /* BundleImageView.swift */; };
	4CAE99ED0DA74B11ABFCA247 /* LocalVideoPlayerView.swift in Sources */ = {isa = PBXBuildFile; fileRef = 5EB789D0BBB04BA3AA34A1DB /* LocalVideoPlayerView.swift */; };
	FED52B9F995946058D9274A8 /* JiuJitsuGuideApp.swift in Sources */ = {isa = PBXBuildFile; fileRef = 973BE1AF6F83483C86A9D49C /* JiuJitsuGuideApp.swift */; };
	C92C3CF99E6048188672BCD7 /* Belt.swift in Sources */ = {isa = PBXBuildFile; fileRef = 776AAED5E020441881C5C64B /* Belt.swift */; };
	DA03A5560B0046568C5F3CB3 /* Position.swift in Sources */ = {isa = PBXBuildFile; fileRef = 10FFA1C737F04D7B98012DDC /* Position.swift */; };
	3D01DAF60DEA4B45B46D5A31 /* PositionData.swift in Sources */ = {isa = PBXBuildFile; fileRef = 18A44EF3F52A4E2092F1D3AF /* PositionData.swift */; };
	CFBBD753996F468DB1AFBAFF /* RootTabView.swift in Sources */ = {isa = PBXBuildFile; fileRef = F86205EFE17B4E58B6F0218E /* RootTabView.swift */; };
	C16F5FC884A14FBE8E989A7A /* HomeView.swift in Sources */ = {isa = PBXBuildFile; fileRef = 987FB6A57D184EC5A87BD4C2 /* HomeView.swift */; };
	541749DDBF4D4A79B4C80B9F /* BeltCardView.swift in Sources */ = {isa = PBXBuildFile; fileRef = 9039AF1D5FAC4805820B4ECA /* BeltCardView.swift */; };
	1B56FC4042A24DBFB9667064 /* BeltPositionsView.swift in Sources */ = {isa = PBXBuildFile; fileRef = 71E1542716034CE2855E255F /* BeltPositionsView.swift */; };
	CB0DFBD321F34A5C81BD5C25 /* PositionDetailView.swift in Sources */ = {isa = PBXBuildFile; fileRef = 6348BE59DEFC4AAB9D339675 /* PositionDetailView.swift */; };
	195F789DD4864DDF977986D1 /* RulesView.swift in Sources */ = {isa = PBXBuildFile; fileRef = 4D5972DC30AD460C97FB4326 /* RulesView.swift */; };
	ACD94FB78DEE473C99DE9215 /* AboutView.swift in Sources */ = {isa = PBXBuildFile; fileRef = EA9A5FB6554042499848305F /* AboutView.swift */; };
	8DD2502ACFE14A3CA08CF850 /* queda_basica.png in Resources */ = {isa = PBXBuildFile; fileRef = 8B1E485548D84681AD523BAB /* queda_basica.png */; };
	45425E30C86F42B7BA7FA764 /* passagem_guarda.png in Resources */ = {isa = PBXBuildFile; fileRef = 1DDC51960A64440BB649163F /* passagem_guarda.png */; };
	0F8590C06E1E4C5BA89C8169 /* montada.png in Resources */ = {isa = PBXBuildFile; fileRef = 17A8B024B0054E4585ADAAD9 /* montada.png */; };
	67BD3E89C29D4F52831241ED /* costas.png in Resources */ = {isa = PBXBuildFile; fileRef = 32DB6A3100694FF2AE463368 /* costas.png */; };
	1853F301C7644D2F9F272D07 /* raspagem.png in Resources */ = {isa = PBXBuildFile; fileRef = F7E8F713DF6C4E94BF3B21CE /* raspagem.png */; };
	2AE76B03E0054439A6A2BDF1 /* triangulo.png in Resources */ = {isa = PBXBuildFile; fileRef = 5DB2B9FD40B147B1974D9C2F /* triangulo.png */; };
	F87EB0E41EE94D28A00B5C0B /* arm_lock.png in Resources */ = {isa = PBXBuildFile; fileRef = 0847CC3244EC4DF08B4630D3 /* arm_lock.png */; };
	FE9A25C0608A426A8FDF9F7C /* meia_guarda.png in Resources */ = {isa = PBXBuildFile; fileRef = FD59AC33B8AA4065B5BB3A44 /* meia_guarda.png */; };
	2DD114B4561C45B2BBAF461A /* omoplata.png in Resources */ = {isa = PBXBuildFile; fileRef = D3F1B9D2291A4824810FA148 /* omoplata.png */; };
	5BB4777674CE4A35B91988F3 /* toreando.png in Resources */ = {isa = PBXBuildFile; fileRef = FD399DF48E2B40BBAAA6BA7F /* toreando.png */; };
	4700CAC4CF2E4163BED0F060 /* mata_leao.png in Resources */ = {isa = PBXBuildFile; fileRef = D34C7DB13C9343B184E83ED6 /* mata_leao.png */; };
	5B717450A92846D8BD103293 /* sistema_transicoes.png in Resources */ = {isa = PBXBuildFile; fileRef = A052317533324931963A8A11 /* sistema_transicoes.png */; };
	27D77B1B1CC4410F845B916F /* Assets.xcassets in Resources */ = {isa = PBXBuildFile; fileRef = FBCCF6A979774885AF33BDB9 /* Assets.xcassets */; };
/* End PBXBuildFile section */

/* Begin PBXFileReference section */
	A1B2C3D4E5F6478899AABBCC /* RemotePositionImageView.swift */ = {isa = PBXFileReference; lastKnownFileType = sourcecode.swift; path = "Views/RemotePositionImageView.swift"; sourceTree = "<group>"; };
	BF36BB46E76442E49B60C3EF /* sistema_transicoes.mp4 */ = {isa = PBXFileReference; lastKnownFileType = file; path = "Resources/Videos/sistema_transicoes.mp4"; sourceTree = "<group>"; };
	F437AB7C7441400B88D61591 /* mata_leao.mp4 */ = {isa = PBXFileReference; lastKnownFileType = file; path = "Resources/Videos/mata_leao.mp4"; sourceTree = "<group>"; };
	D6C8A9FFE72944468FF530D6 /* toreando.mp4 */ = {isa = PBXFileReference; lastKnownFileType = file; path = "Resources/Videos/toreando.mp4"; sourceTree = "<group>"; };
	744DF2BB6E164CC588D9BDDB /* omoplata.mp4 */ = {isa = PBXFileReference; lastKnownFileType = file; path = "Resources/Videos/omoplata.mp4"; sourceTree = "<group>"; };
	3697FDEB816441F3A72C0EB7 /* meia_guarda.mp4 */ = {isa = PBXFileReference; lastKnownFileType = file; path = "Resources/Videos/meia_guarda.mp4"; sourceTree = "<group>"; };
	F7C18226F4324048942C33ED /* arm_lock.mp4 */ = {isa = PBXFileReference; lastKnownFileType = file; path = "Resources/Videos/arm_lock.mp4"; sourceTree = "<group>"; };
	03DE2732055A4A98A1A5397C /* triangulo.mp4 */ = {isa = PBXFileReference; lastKnownFileType = file; path = "Resources/Videos/triangulo.mp4"; sourceTree = "<group>"; };
	92591290DF6B41B989D7F2D0 /* raspagem.mp4 */ = {isa = PBXFileReference; lastKnownFileType = file; path = "Resources/Videos/raspagem.mp4"; sourceTree = "<group>"; };
	18967A1F5AB44B7583240990 /* costas.mp4 */ = {isa = PBXFileReference; lastKnownFileType = file; path = "Resources/Videos/costas.mp4"; sourceTree = "<group>"; };
	601BBC119F8F4B8191542FD8 /* montada.mp4 */ = {isa = PBXFileReference; lastKnownFileType = file; path = "Resources/Videos/montada.mp4"; sourceTree = "<group>"; };
	6342E9089BEA477A8EE1B4EC /* passagem_guarda.mp4 */ = {isa = PBXFileReference; lastKnownFileType = file; path = "Resources/Videos/passagem_guarda.mp4"; sourceTree = "<group>"; };
	B39935F8140446C58DC7A483 /* queda_basica.mp4 */ = {isa = PBXFileReference; lastKnownFileType = file; path = "Resources/Videos/queda_basica.mp4"; sourceTree = "<group>"; };
	21D473B5CFDC4C91AF002192 /* BundleImageView.swift */ = {isa = PBXFileReference; lastKnownFileType = sourcecode.swift; path = "Views/BundleImageView.swift"; sourceTree = "<group>"; };
	5EB789D0BBB04BA3AA34A1DB /* LocalVideoPlayerView.swift */ = {isa = PBXFileReference; lastKnownFileType = sourcecode.swift; path = "Views/LocalVideoPlayerView.swift"; sourceTree = "<group>"; };
	57586B71CEFE446FBC19AA6C /* JiuJitsuGuide.app */ = {isa = PBXFileReference; explicitFileType = wrapper.application; includeInIndex = 0; path = JiuJitsuGuide.app; sourceTree = BUILT_PRODUCTS_DIR; };
	973BE1AF6F83483C86A9D49C /* JiuJitsuGuideApp.swift */ = {isa = PBXFileReference; lastKnownFileType = sourcecode.swift; path = "JiuJitsuGuideApp.swift"; sourceTree = "<group>"; };
	776AAED5E020441881C5C64B /* Belt.swift */ = {isa = PBXFileReference; lastKnownFileType = sourcecode.swift; path = "Models/Belt.swift"; sourceTree = "<group>"; };
	10FFA1C737F04D7B98012DDC /* Position.swift */ = {isa = PBXFileReference; lastKnownFileType = sourcecode.swift; path = "Models/Position.swift"; sourceTree = "<group>"; };
	18A44EF3F52A4E2092F1D3AF /* PositionData.swift */ = {isa = PBXFileReference; lastKnownFileType = sourcecode.swift; path = "Data/PositionData.swift"; sourceTree = "<group>"; };
	F86205EFE17B4E58B6F0218E /* RootTabView.swift */ = {isa = PBXFileReference; lastKnownFileType = sourcecode.swift; path = "Views/RootTabView.swift"; sourceTree = "<group>"; };
	987FB6A57D184EC5A87BD4C2 /* HomeView.swift */ = {isa = PBXFileReference; lastKnownFileType = sourcecode.swift; path = "Views/HomeView.swift"; sourceTree = "<group>"; };
	9039AF1D5FAC4805820B4ECA /* BeltCardView.swift */ = {isa = PBXFileReference; lastKnownFileType = sourcecode.swift; path = "Views/BeltCardView.swift"; sourceTree = "<group>"; };
	71E1542716034CE2855E255F /* BeltPositionsView.swift */ = {isa = PBXFileReference; lastKnownFileType = sourcecode.swift; path = "Views/BeltPositionsView.swift"; sourceTree = "<group>"; };
	6348BE59DEFC4AAB9D339675 /* PositionDetailView.swift */ = {isa = PBXFileReference; lastKnownFileType = sourcecode.swift; path = "Views/PositionDetailView.swift"; sourceTree = "<group>"; };
	4D5972DC30AD460C97FB4326 /* RulesView.swift */ = {isa = PBXFileReference; lastKnownFileType = sourcecode.swift; path = "Views/RulesView.swift"; sourceTree = "<group>"; };
	EA9A5FB6554042499848305F /* AboutView.swift */ = {isa = PBXFileReference; lastKnownFileType = sourcecode.swift; path = "Views/AboutView.swift"; sourceTree = "<group>"; };
	8B1E485548D84681AD523BAB /* queda_basica.png */ = {isa = PBXFileReference; lastKnownFileType = image.png; path = "Resources/Images/queda_basica.png"; sourceTree = "<group>"; };
	1DDC51960A64440BB649163F /* passagem_guarda.png */ = {isa = PBXFileReference; lastKnownFileType = image.png; path = "Resources/Images/passagem_guarda.png"; sourceTree = "<group>"; };
	17A8B024B0054E4585ADAAD9 /* montada.png */ = {isa = PBXFileReference; lastKnownFileType = image.png; path = "Resources/Images/montada.png"; sourceTree = "<group>"; };
	32DB6A3100694FF2AE463368 /* costas.png */ = {isa = PBXFileReference; lastKnownFileType = image.png; path = "Resources/Images/costas.png"; sourceTree = "<group>"; };
	F7E8F713DF6C4E94BF3B21CE /* raspagem.png */ = {isa = PBXFileReference; lastKnownFileType = image.png; path = "Resources/Images/raspagem.png"; sourceTree = "<group>"; };
	5DB2B9FD40B147B1974D9C2F /* triangulo.png */ = {isa = PBXFileReference; lastKnownFileType = image.png; path = "Resources/Images/triangulo.png"; sourceTree = "<group>"; };
	0847CC3244EC4DF08B4630D3 /* arm_lock.png */ = {isa = PBXFileReference; lastKnownFileType = image.png; path = "Resources/Images/arm_lock.png"; sourceTree = "<group>"; };
	FD59AC33B8AA4065B5BB3A44 /* meia_guarda.png */ = {isa = PBXFileReference; lastKnownFileType = image.png; path = "Resources/Images/meia_guarda.png"; sourceTree = "<group>"; };
	D3F1B9D2291A4824810FA148 /* omoplata.png */ = {isa = PBXFileReference; lastKnownFileType = image.png; path = "Resources/Images/omoplata.png"; sourceTree = "<group>"; };
	FD399DF48E2B40BBAAA6BA7F /* toreando.png */ = {isa = PBXFileReference; lastKnownFileType = image.png; path = "Resources/Images/toreando.png"; sourceTree = "<group>"; };
	D34C7DB13C9343B184E83ED6 /* mata_leao.png */ = {isa = PBXFileReference; lastKnownFileType = image.png; path = "Resources/Images/mata_leao.png"; sourceTree = "<group>"; };
	A052317533324931963A8A11 /* sistema_transicoes.png */ = {isa = PBXFileReference; lastKnownFileType = image.png; path = "Resources/Images/sistema_transicoes.png"; sourceTree = "<group>"; };
	FBCCF6A979774885AF33BDB9 /* Assets.xcassets */ = {isa = PBXFileReference; lastKnownFileType = folder.assetcatalog; path = "Assets.xcassets"; sourceTree = "<group>"; };
/* End PBXFileReference section */

/* Begin PBXFrameworksBuildPhase section */
	931FFF47FB7E44599C906762 /* Frameworks */ = {isa = PBXFrameworksBuildPhase; buildActionMask = 2147483647; files = (); runOnlyForDeploymentPostprocessing = 0; };
/* End PBXFrameworksBuildPhase section */

/* Begin PBXGroup section */
	0A3D92290216467D814B712B = {isa = PBXGroup; children = (3136E118A46D48448E6017DB /* JiuJitsuGuide */, 6AF9905A87E5426185DF52C5 /* Products */, ); sourceTree = "<group>"; };
	3136E118A46D48448E6017DB /* JiuJitsuGuide */ = {isa = PBXGroup; children = (973BE1AF6F83483C86A9D49C /* JiuJitsuGuideApp.swift */, 776AAED5E020441881C5C64B /* Belt.swift */, 10FFA1C737F04D7B98012DDC /* Position.swift */, 18A44EF3F52A4E2092F1D3AF /* PositionData.swift */, F86205EFE17B4E58B6F0218E /* RootTabView.swift */, 987FB6A57D184EC5A87BD4C2 /* HomeView.swift */, 9039AF1D5FAC4805820B4ECA /* BeltCardView.swift */, 71E1542716034CE2855E255F /* BeltPositionsView.swift */, 6348BE59DEFC4AAB9D339675 /* PositionDetailView.swift */, A1B2C3D4E5F6478899AABBCC /* RemotePositionImageView.swift */, 4D5972DC30AD460C97FB4326 /* RulesView.swift */, EA9A5FB6554042499848305F /* AboutView.swift */, 21D473B5CFDC4C91AF002192 /* BundleImageView.swift */, 5EB789D0BBB04BA3AA34A1DB /* LocalVideoPlayerView.swift */, 8B1E485548D84681AD523BAB /* queda_basica.png */, 1DDC51960A64440BB649163F /* passagem_guarda.png */, 17A8B024B0054E4585ADAAD9 /* montada.png */, 32DB6A3100694FF2AE463368 /* costas.png */, F7E8F713DF6C4E94BF3B21CE /* raspagem.png */, 5DB2B9FD40B147B1974D9C2F /* triangulo.png */, 0847CC3244EC4DF08B4630D3 /* arm_lock.png */, FD59AC33B8AA4065B5BB3A44 /* meia_guarda.png */, D3F1B9D2291A4824810FA148 /* omoplata.png */, FD399DF48E2B40BBAAA6BA7F /* toreando.png */, D34C7DB13C9343B184E83ED6 /* mata_leao.png */, A052317533324931963A8A11 /* sistema_transicoes.png */, B39935F8140446C58DC7A483 /* queda_basica.mp4 */, 6342E9089BEA477A8EE1B4EC /* passagem_guarda.mp4 */, 601BBC119F8F4B8191542FD8 /* montada.mp4 */, 18967A1F5AB44B7583240990 /* costas.mp4 */, 92591290DF6B41B989D7F2D0 /* raspagem.mp4 */, 03DE2732055A4A98A1A5397C /* triangulo.mp4 */, F7C18226F4324048942C33ED /* arm_lock.mp4 */, 3697FDEB816441F3A72C0EB7 /* meia_guarda.mp4 */, 744DF2BB6E164CC588D9BDDB /* omoplata.mp4 */, D6C8A9FFE72944468FF530D6 /* toreando.mp4 */, F437AB7C7441400B88D61591 /* mata_leao.mp4 */, BF36BB46E76442E49B60C3EF /* sistema_transicoes.mp4 */, FBCCF6A979774885AF33BDB9 /* Assets.xcassets */, ); path = JiuJitsuGuide; sourceTree = "<group>"; };
	6AF9905A87E5426185DF52C5 /* Products */ = {isa = PBXGroup; children = (57586B71CEFE446FBC19AA6C /* JiuJitsuGuide.app */, ); name = Products; sourceTree = "<group>"; };
/* End PBXGroup section */

/* Begin PBXNativeTarget section */
	5531270DF34E4D2182921427 /* JiuJitsuGuide */ = {isa = PBXNativeTarget; buildConfigurationList = 4E336D0FA3E1455A8BAE3E90 /* Build configuration list for PBXNativeTarget "JiuJitsuGuide" */; buildPhases = (8E14EC6547F74CF88497F86F /* Sources */, 931FFF47FB7E44599C906762 /* Frameworks */, 01889BD2CDF34C7ABA589291 /* Resources */, ); buildRules = (); dependencies = (); name = JiuJitsuGuide; productName = JiuJitsuGuide; productReference = 57586B71CEFE446FBC19AA6C /* JiuJitsuGuide.app */; productType = "com.apple.product-type.application"; };
/* End PBXNativeTarget section */

/* Begin PBXProject section */
	F7336C92673E4BF8A3A374D4 /* Project object */ = {isa = PBXProject; attributes = {BuildIndependentTargetsInParallel = 1; LastSwiftUpdateCheck = 1500; LastUpgradeCheck = 1500; TargetAttributes = {5531270DF34E4D2182921427 = {CreatedOnToolsVersion = 15.0; }; }; }; buildConfigurationList = ACB61DD144674469B1C418FA /* Build configuration list for PBXProject "JiuJitsuGuide" */; compatibilityVersion = "Xcode 14.0"; developmentRegion = en; hasScannedForEncodings = 0; knownRegions = (en, Base,); mainGroup = 0A3D92290216467D814B712B; productRefGroup = 6AF9905A87E5426185DF52C5 /* Products */; projectDirPath = ""; projectRoot = ""; targets = (5531270DF34E4D2182921427 /* JiuJitsuGuide */,); };
/* End PBXProject section */

/* Begin PBXResourcesBuildPhase section */
	01889BD2CDF34C7ABA589291 /* Resources */ = {isa = PBXResourcesBuildPhase; buildActionMask = 2147483647; files = (8DD2502ACFE14A3CA08CF850 /* queda_basica.png in Resources */, 45425E30C86F42B7BA7FA764 /* passagem_guarda.png in Resources */, 0F8590C06E1E4C5BA89C8169 /* montada.png in Resources */, 67BD3E89C29D4F52831241ED /* costas.png in Resources */, 1853F301C7644D2F9F272D07 /* raspagem.png in Resources */, 2AE76B03E0054439A6A2BDF1 /* triangulo.png in Resources */, F87EB0E41EE94D28A00B5C0B /* arm_lock.png in Resources */, FE9A25C0608A426A8FDF9F7C /* meia_guarda.png in Resources */, 2DD114B4561C45B2BBAF461A /* omoplata.png in Resources */, 5BB4777674CE4A35B91988F3 /* toreando.png in Resources */, 4700CAC4CF2E4163BED0F060 /* mata_leao.png in Resources */, 5B717450A92846D8BD103293 /* sistema_transicoes.png in Resources */, 5101FFD228B649C7AC8DA10D /* queda_basica.mp4 in Resources */, 5016BD2E23FE445B8D29E84A /* passagem_guarda.mp4 in Resources */, BCE981669CC84C488AA5B451 /* montada.mp4 in Resources */, 4A167BA9871E4E6282F33775 /* costas.mp4 in Resources */, 40742B0200F146E0946DD05B /* raspagem.mp4 in Resources */, 345DC88919D9413AAA2B8313 /* triangulo.mp4 in Resources */, 3A6AB22B49B5438488F9B034 /* arm_lock.mp4 in Resources */, 19963BF089C341FBBCA5FDB4 /* meia_guarda.mp4 in Resources */, CAC587C9745145878D7DE10E /* omoplata.mp4 in Resources */, 35E42302ACAF4C97BD437CA5 /* toreando.mp4 in Resources */, 0E71C26B506841B8BEAD139D /* mata_leao.mp4 in Resources */, 7BFCAD5DA08A48D19F14E9D2 /* sistema_transicoes.mp4 in Resources */, 27D77B1B1CC4410F845B916F /* Assets.xcassets in Resources */, ); runOnlyForDeploymentPostprocessing = 0; };
/* End PBXResourcesBuildPhase section */

/* Begin PBXSourcesBuildPhase section */
	8E14EC6547F74CF88497F86F /* Sources */ = {isa = PBXSourcesBuildPhase; buildActionMask = 2147483647; files = (FED52B9F995946058D9274A8 /* JiuJitsuGuideApp.swift in Sources */, C92C3CF99E6048188672BCD7 /* Belt.swift in Sources */, DA03A5560B0046568C5F3CB3 /* Position.swift in Sources */, 3D01DAF60DEA4B45B46D5A31 /* PositionData.swift in Sources */, CFBBD753996F468DB1AFBAFF /* RootTabView.swift in Sources */, C16F5FC884A14FBE8E989A7A /* HomeView.swift in Sources */, 541749DDBF4D4A79B4C80B9F /* BeltCardView.swift in Sources */, 1B56FC4042A24DBFB9667064 /* BeltPositionsView.swift in Sources */, CB0DFBD321F34A5C81BD5C25 /* PositionDetailView.swift in Sources */, C1D2E3F4A5B6478899CCDDEE /* RemotePositionImageView.swift in Sources */, 195F789DD4864DDF977986D1 /* RulesView.swift in Sources */, ACD94FB78DEE473C99DE9215 /* AboutView.swift in Sources */, 4CAE99ED0DA74B11ABFCA247 /* LocalVideoPlayerView.swift in Sources */, FD5E77F3C05944A8B73ABAFB /* BundleImageView.swift in Sources */,); runOnlyForDeploymentPostprocessing = 0; };
/* End PBXSourcesBuildPhase section */

/* Begin XCBuildConfiguration section */
	2E1E1673F6AD4AF3AF3D19C4 /* Debug */ = {isa = XCBuildConfiguration; buildSettings = { ALWAYS_SEARCH_USER_PATHS = NO; CLANG_ANALYZER_NONNULL = YES; CLANG_ANALYZER_NUMBER_OBJECT_CONVERSION = YES_AGGRESSIVE; CLANG_CXX_LANGUAGE_STANDARD = "gnu++20"; CLANG_ENABLE_MODULES = YES; CLANG_ENABLE_OBJC_ARC = YES; CLANG_ENABLE_OBJC_WEAK = YES; CLANG_WARN_BLOCK_CAPTURE_AUTORELEASING = YES; CLANG_WARN_BOOL_CONVERSION = YES; CLANG_WARN_COMMA = YES; CLANG_WARN_CONSTANT_CONVERSION = YES; CLANG_WARN_DEPRECATED_OBJC_IMPLEMENTATIONS = YES; CLANG_WARN_DIRECT_OBJC_ISA_USAGE = YES_ERROR; CLANG_WARN_DOCUMENTATION_COMMENTS = YES; CLANG_WARN_EMPTY_BODY = YES; CLANG_WARN_ENUM_CONVERSION = YES; CLANG_WARN_INFINITE_RECURSION = YES; CLANG_WARN_INT_CONVERSION = YES; CLANG_WARN_NON_LITERAL_NULL_CONVERSION = YES; CLANG_WARN_OBJC_IMPLICIT_RETAIN_SELF = YES; CLANG_WARN_OBJC_LITERAL_CONVERSION = YES; CLANG_WARN_OBJC_ROOT_CLASS = YES_ERROR; CLANG_WARN_QUOTED_INCLUDE_IN_FRAMEWORK_HEADER = YES; CLANG_WARN_RANGE_LOOP_ANALYSIS = YES; CLANG_WARN_STRICT_PROTOTYPES = YES; CLANG_WARN_SUSPICIOUS_MOVE = YES; CLANG_WARN_UNGUARDED_AVAILABILITY = YES_AGGRESSIVE; CLANG_WARN_UNREACHABLE_CODE = YES; CLANG_WARN__DUPLICATE_METHOD_MATCH = YES; COPY_PHASE_STRIP = NO; DEBUG_INFORMATION_FORMAT = dwarf; ENABLE_STRICT_OBJC_MSGSEND = YES; ENABLE_TESTABILITY = YES; GCC_C_LANGUAGE_STANDARD = gnu17; GCC_DYNAMIC_NO_PIC = NO; GCC_NO_COMMON_BLOCKS = YES; GCC_OPTIMIZATION_LEVEL = 0; GCC_PREPROCESSOR_DEFINITIONS = ("DEBUG=1", "$(inherited)"); GCC_WARN_64_TO_32_BIT_CONVERSION = YES; GCC_WARN_ABOUT_RETURN_TYPE = YES_ERROR; GCC_WARN_UNDECLARED_SELECTOR = YES; GCC_WARN_UNINITIALIZED_AUTOS = YES_AGGRESSIVE; GCC_WARN_UNUSED_FUNCTION = YES; GCC_WARN_UNUSED_VARIABLE = YES; IPHONEOS_DEPLOYMENT_TARGET = 17.0; MTL_ENABLE_DEBUG_INFO = INCLUDE_SOURCE; MTL_FAST_MATH = YES; ONLY_ACTIVE_ARCH = YES; SDKROOT = iphoneos; SWIFT_ACTIVE_COMPILATION_CONDITIONS = DEBUG; SWIFT_OPTIMIZATION_LEVEL = "-Onone"; }; name = Debug; };
	EBB212F2021347128BDE1376 /* Release */ = {isa = XCBuildConfiguration; buildSettings = { ALWAYS_SEARCH_USER_PATHS = NO; CLANG_ANALYZER_NONNULL = YES; CLANG_ANALYZER_NUMBER_OBJECT_CONVERSION = YES_AGGRESSIVE; CLANG_CXX_LANGUAGE_STANDARD = "gnu++20"; CLANG_ENABLE_MODULES = YES; CLANG_ENABLE_OBJC_ARC = YES; CLANG_ENABLE_OBJC_WEAK = YES; CLANG_WARN_BLOCK_CAPTURE_AUTORELEASING = YES; CLANG_WARN_BOOL_CONVERSION = YES; CLANG_WARN_COMMA = YES; CLANG_WARN_CONSTANT_CONVERSION = YES; CLANG_WARN_DEPRECATED_OBJC_IMPLEMENTATIONS = YES; CLANG_WARN_DIRECT_OBJC_ISA_USAGE = YES_ERROR; CLANG_WARN_DOCUMENTATION_COMMENTS = YES; CLANG_WARN_EMPTY_BODY = YES; CLANG_WARN_ENUM_CONVERSION = YES; CLANG_WARN_INFINITE_RECURSION = YES; CLANG_WARN_INT_CONVERSION = YES; CLANG_WARN_NON_LITERAL_NULL_CONVERSION = YES; CLANG_WARN_OBJC_IMPLICIT_RETAIN_SELF = YES; CLANG_WARN_OBJC_LITERAL_CONVERSION = YES; CLANG_WARN_OBJC_ROOT_CLASS = YES_ERROR; CLANG_WARN_QUOTED_INCLUDE_IN_FRAMEWORK_HEADER = YES; CLANG_WARN_RANGE_LOOP_ANALYSIS = YES; CLANG_WARN_STRICT_PROTOTYPES = YES; CLANG_WARN_SUSPICIOUS_MOVE = YES; CLANG_WARN_UNGUARDED_AVAILABILITY = YES_AGGRESSIVE; CLANG_WARN_UNREACHABLE_CODE = YES; CLANG_WARN__DUPLICATE_METHOD_MATCH = YES; COPY_PHASE_STRIP = NO; DEBUG_INFORMATION_FORMAT = "dwarf-with-dsym"; ENABLE_STRICT_OBJC_MSGSEND = YES; ENABLE_TESTABILITY = NO; GCC_C_LANGUAGE_STANDARD = gnu17; GCC_DYNAMIC_NO_PIC = NO; GCC_NO_COMMON_BLOCKS = YES;  GCC_PREPROCESSOR_DEFINITIONS = ("DEBUG=1", "$(inherited)"); GCC_WARN_64_TO_32_BIT_CONVERSION = YES; GCC_WARN_ABOUT_RETURN_TYPE = YES_ERROR; GCC_WARN_UNDECLARED_SELECTOR = YES; GCC_WARN_UNINITIALIZED_AUTOS = YES_AGGRESSIVE; GCC_WARN_UNUSED_FUNCTION = YES; GCC_WARN_UNUSED_VARIABLE = YES; IPHONEOS_DEPLOYMENT_TARGET = 17.0; MTL_ENABLE_DEBUG_INFO = INCLUDE_SOURCE; MTL_FAST_MATH = YES;  SDKROOT = iphoneos;  SWIFT_COMPILATION_MODE = wholemodule; SWIFT_OPTIMIZATION_LEVEL = "-O"; }; name = Release; };
	676F7A477F874C1A9C5676F4 /* Debug */ = {isa = XCBuildConfiguration; buildSettings = { ASSETCATALOG_COMPILER_APPICON_NAME = AppIcon; ASSETCATALOG_COMPILER_GLOBAL_ACCENT_COLOR_NAME = AccentColor; CODE_SIGN_STYLE = Automatic; CURRENT_PROJECT_VERSION = 1; DEVELOPMENT_ASSET_PATHS = ""; ENABLE_PREVIEWS = YES; GENERATE_INFOPLIST_FILE = YES; INFOPLIST_KEY_CFBundleDisplayName = "BJJ Academy"; INFOPLIST_KEY_UIApplicationSceneManifest_Generation = YES; INFOPLIST_KEY_UIApplicationSupportsIndirectInputEvents = YES; INFOPLIST_KEY_UILaunchScreen_Generation = YES; INFOPLIST_KEY_UISupportedInterfaceOrientations_iPad = "UIInterfaceOrientationPortrait UIInterfaceOrientationPortraitUpsideDown UIInterfaceOrientationLandscapeLeft UIInterfaceOrientationLandscapeRight"; INFOPLIST_KEY_UISupportedInterfaceOrientations_iPhone = "UIInterfaceOrientationPortrait UIInterfaceOrientationLandscapeLeft UIInterfaceOrientationLandscapeRight"; LD_RUNPATH_SEARCH_PATHS = ("$(inherited)", "@executable_path/Frameworks"); MARKETING_VERSION = 1.0; PRODUCT_BUNDLE_IDENTIFIER = com.kennedy.BJJAcademy; PRODUCT_NAME = "$(TARGET_NAME)"; SWIFT_EMIT_LOC_STRINGS = YES; SWIFT_VERSION = 5.0; TARGETED_DEVICE_FAMILY = "1,2"; }; name = Debug; };
	E2F7E536F7634AB1A3DC17DC /* Release */ = {isa = XCBuildConfiguration; buildSettings = { ASSETCATALOG_COMPILER_APPICON_NAME = AppIcon; ASSETCATALOG_COMPILER_GLOBAL_ACCENT_COLOR_NAME = AccentColor; CODE_SIGN_STYLE = Automatic; CURRENT_PROJECT_VERSION = 1; DEVELOPMENT_ASSET_PATHS = ""; ENABLE_PREVIEWS = YES; GENERATE_INFOPLIST_FILE = YES; INFOPLIST_KEY_CFBundleDisplayName = "BJJ Academy"; INFOPLIST_KEY_UIApplicationSceneManifest_Generation = YES; INFOPLIST_KEY_UIApplicationSupportsIndirectInputEvents = YES; INFOPLIST_KEY_UILaunchScreen_Generation = YES; INFOPLIST_KEY_UISupportedInterfaceOrientations_iPad = "UIInterfaceOrientationPortrait UIInterfaceOrientationPortraitUpsideDown UIInterfaceOrientationLandscapeLeft UIInterfaceOrientationLandscapeRight"; INFOPLIST_KEY_UISupportedInterfaceOrientations_iPhone = "UIInterfaceOrientationPortrait UIInterfaceOrientationLandscapeLeft UIInterfaceOrientationLandscapeRight"; LD_RUNPATH_SEARCH_PATHS = ("$(inherited)", "@executable_path/Frameworks"); MARKETING_VERSION = 1.0; PRODUCT_BUNDLE_IDENTIFIER = com.kennedy.BJJAcademy; PRODUCT_NAME = "$(TARGET_NAME)"; SWIFT_EMIT_LOC_STRINGS = YES; SWIFT_VERSION = 5.0; TARGETED_DEVICE_FAMILY = "1,2"; }; name = Release; };
/* End XCBuildConfiguration section */

/* Begin XCConfigurationList section */
	ACB61DD144674469B1C418FA /* Build configuration list for PBXProject "JiuJitsuGuide" */ = {isa = XCConfigurationList; buildConfigurations = (2E1E1673F6AD4AF3AF3D19C4 /* Debug */, EBB212F2021347128BDE1376 /* Release */, ); defaultConfigurationIsVisible = 0; defaultConfigurationName = Release; };
	4E336D0FA3E1455A8BAE3E90 /* Build configuration list for PBXNativeTarget "JiuJitsuGuide" */ = {isa = XCConfigurationList; buildConfigurations = (676F7A477F874C1A9C5676F4 /* Debug */, E2F7E536F7634AB1A3DC17DC /* Release */, ); defaultConfigurationIsVisible = 0; defaultConfigurationName = Release; };
/* End XCConfigurationList section */
	};
	rootObject = F7336C92673E4BF8A3A374D4 /* Project object */;
}